PODS:
  - AFNetworkActivityLogger (3.0.0.1):
    - AFNetworking/NSURLSession (>= 3.0)
  - AFNetworkExtension (2.0.1):
    - AFNetworkExtension/Logger (= 2.0.1)
    - AFNetworkExtension/NSURLSession (= 2.0.1)
    - AFNetworkExtension/Reachability (= 2.0.1)
    - AFNetworkExtension/Serialization (= 2.0.1)
  - AFNetworkExtension/Logger (2.0.1):
    - AFNetworkActivityLogger (>= 3.0)
    - AFNetworking/NSURLSession (>= 3.0)
    - ESFramework (~> 3.22)
  - AFNetworkExtension/NSURLSession (2.0.1):
    - AFNetworking/NSURLSession (>= 3.0)
  - AFNetworkExtension/Reachability (2.0.1):
    - AFNetworking/Reachability (>= 3.0)
  - AFNetworkExtension/Serialization (2.0.1):
    - AFNetworking/Serialization (>= 3.0)
    - ESFramework (~> 3.22)
  - AFNetworking/NSURLSession (4.0.103):
    - AFNetworking/Reachability
    - AFNetworking/Security
    - AFNetworking/Serialization
  - AFNetworking/Reachability (4.0.103)
  - AFNetworking/Security (4.0.103)
  - AFNetworking/Serialization (4.0.103)
  - ESFramework (3.26.2):
    - ESFramework/Foundation (= 3.26.2)
    - ESFramework/Network (= 3.26.2)
    - ESFramework/UIKit (= 3.26.2)
  - ESFramework/Foundation (3.26.2)
  - ESFramework/Network (3.26.2):
    - ESFramework/Foundation
  - ESFramework/UIKit (3.26.2):
    - ESFramework/Foundation
    - ESFramework/Network

DEPENDENCIES:
  - AFNetworkExtension (from `.`)

SPEC REPOS:
  https://github.com/ElfSundae/CocoaPods-Specs.git:
    - AFNetworkActivityLogger
    - AFNetworking
  trunk:
    - ESFramework

EXTERNAL SOURCES:
  AFNetworkExtension:
    :path: "."

SPEC CHECKSUMS:
  AFNetworkActivityLogger: 9e239d3eaf9fcb71dfac5635c49458453f6e1ec7
  AFNetworkExtension: b9f480e2391fe961913a52cc787ec54e9d5a7d7d
  AFNetworking: ea814dfe361694e9207776762da66af0da750b40
  ESFramework: c2b035785af59f7ec0386dc03a4fe283f7bac9fe

PODFILE CHECKSUM: 9d737968bddb074a1ce125bec9162860b8468b8b

COCOAPODS: 1.10.1
