// !$*UTF8*$!
{
	archiveVersion = 1;
	classes = {
	};
	objectVersion = 50;
	objects = {

/* Begin PBXFileReference section */
		E72556BF22B8CA3300ED7D7E /* AFNetworkingExtension.h */ = {isa = PBXFileReference; lastKnownFileType = sourcecode.c.h; path = AFNetworkingExtension.h; sourceTree = "<group>"; };
		E725570D22B8CEE400ED7D7E /* AFNetworkReachabilityManager+ESExtension.h */ = {isa = PBXFileReference; lastKnownFileType = sourcecode.c.h; path = "AFNetworkReachabilityManager+ESExtension.h"; sourceTree = "<group>"; };
		E725570E22B8CEE400ED7D7E /* AFNetworkReachabilityManager+ESExtension.m */ = {isa = PBXFileReference; lastKnownFileType = sourcecode.c.objc; path = "AFNetworkReachabilityManager+ESExtension.m"; sourceTree = "<group>"; };
		E725571222B8D5FA00ED7D7E /* AFNetworkActivityLogger+ESExtension.h */ = {isa = PBXFileReference; lastKnownFileType = sourcecode.c.h; path = "AFNetworkActivityLogger+ESExtension.h"; sourceTree = "<group>"; };
		E725571322B8D5FA00ED7D7E /* AFNetworkActivityLogger+ESExtension.m */ = {isa = PBXFileReference; lastKnownFileType = sourcecode.c.objc; path = "AFNetworkActivityLogger+ESExtension.m"; sourceTree = "<group>"; };
		E725571522B8E63B00ED7D7E /* AFHTTPRequestSerializer+ESExtension.h */ = {isa = PBXFileReference; lastKnownFileType = sourcecode.c.h; path = "AFHTTPRequestSerializer+ESExtension.h"; sourceTree = "<group>"; };
		E725571622B8E63B00ED7D7E /* AFHTTPRequestSerializer+ESExtension.m */ = {isa = PBXFileReference; lastKnownFileType = sourcecode.c.objc; path = "AFHTTPRequestSerializer+ESExtension.m"; sourceTree = "<group>"; };
		E76275C822C23A4F008FD72B /* AFHTTPResponseSerializer+ESExtension.h */ = {isa = PBXFileReference; lastKnownFileType = sourcecode.c.h; path = "AFHTTPResponseSerializer+ESExtension.h"; sourceTree = "<group>"; };
		E76275C922C23A4F008FD72B /* AFHTTPResponseSerializer+ESExtension.m */ = {isa = PBXFileReference; lastKnownFileType = sourcecode.c.objc; path = "AFHTTPResponseSerializer+ESExtension.m"; sourceTree = "<group>"; };
		E79CCF9F22C0AC7900121C15 /* AFHTTPSessionManager+ESExtension.h */ = {isa = PBXFileReference; lastKnownFileType = sourcecode.c.h; path = "AFHTTPSessionManager+ESExtension.h"; sourceTree = "<group>"; };
		E79CCFA022C0AC7900121C15 /* AFHTTPSessionManager+ESExtension.m */ = {isa = PBXFileReference; lastKnownFileType = sourcecode.c.objc; path = "AFHTTPSessionManager+ESExtension.m"; sourceTree = "<group>"; };
/* End PBXFileReference section */

/* Begin PBXGroup section */
		E72556B322B8CA3300ED7D7E = {
			isa = PBXGroup;
			children = (
				E72556BE22B8CA3300ED7D7E /* AFNetworkingExtension */,
			);
			sourceTree = "<group>";
		};
		E72556BE22B8CA3300ED7D7E /* AFNetworkingExtension */ = {
			isa = PBXGroup;
			children = (
				E72556BF22B8CA3300ED7D7E /* AFNetworkingExtension.h */,
				E725571122B8D5A400ED7D7E /* Logger */,
				E79CCF9E22C0AC1F00121C15 /* NSURLSession */,
				E725570C22B8CE8400ED7D7E /* Reachability */,
				E725571422B8E5D600ED7D7E /* Serialization */,
			);
			path = AFNetworkingExtension;
			sourceTree = "<group>";
		};
		E725570C22B8CE8400ED7D7E /* Reachability */ = {
			isa = PBXGroup;
			children = (
				E725570D22B8CEE400ED7D7E /* AFNetworkReachabilityManager+ESExtension.h */,
				E725570E22B8CEE400ED7D7E /* AFNetworkReachabilityManager+ESExtension.m */,
			);
			path = Reachability;
			sourceTree = "<group>";
		};
		E725571122B8D5A400ED7D7E /* Logger */ = {
			isa = PBXGroup;
			children = (
				E725571222B8D5FA00ED7D7E /* AFNetworkActivityLogger+ESExtension.h */,
				E725571322B8D5FA00ED7D7E /* AFNetworkActivityLogger+ESExtension.m */,
			);
			path = Logger;
			sourceTree = "<group>";
		};
		E725571422B8E5D600ED7D7E /* Serialization */ = {
			isa = PBXGroup;
			children = (
				E725571522B8E63B00ED7D7E /* AFHTTPRequestSerializer+ESExtension.h */,
				E725571622B8E63B00ED7D7E /* AFHTTPRequestSerializer+ESExtension.m */,
				E76275C822C23A4F008FD72B /* AFHTTPResponseSerializer+ESExtension.h */,
				E76275C922C23A4F008FD72B /* AFHTTPResponseSerializer+ESExtension.m */,
			);
			path = Serialization;
			sourceTree = "<group>";
		};
		E79CCF9E22C0AC1F00121C15 /* NSURLSession */ = {
			isa = PBXGroup;
			children = (
				E79CCF9F22C0AC7900121C15 /* AFHTTPSessionManager+ESExtension.h */,
				E79CCFA022C0AC7900121C15 /* AFHTTPSessionManager+ESExtension.m */,
			);
			path = NSURLSession;
			sourceTree = "<group>";
		};
/* End PBXGroup section */

/* Begin PBXProject section */
		E72556B422B8CA3300ED7D7E /* Project object */ = {
			isa = PBXProject;
			attributes = {
				LastUpgradeCheck = 1020;
				ORGANIZATIONNAME = "https://0x123.com";
			};
			buildConfigurationList = E72556B722B8CA3300ED7D7E /* Build configuration list for PBXProject "AFNetworkingExtension" */;
			compatibilityVersion = "Xcode 9.3";
			developmentRegion = en;
			hasScannedForEncodings = 0;
			knownRegions = (
				en,
			);
			mainGroup = E72556B322B8CA3300ED7D7E;
			productRefGroup = E72556B322B8CA3300ED7D7E;
			projectDirPath = "";
			projectRoot = "";
			targets = (
			);
		};
/* End PBXProject section */

/* Begin XCBuildConfiguration section */
		E72556C322B8CA3300ED7D7E /* Debug */ = {
			isa = XCBuildConfiguration;
			buildSettings = {
				ALWAYS_SEARCH_USER_PATHS = NO;
				CLANG_ANALYZER_NONNULL = YES;
				CLANG_ANALYZER_NUMBER_OBJECT_CONVERSION = YES_AGGRESSIVE;
				CLANG_CXX_LANGUAGE_STANDARD = "gnu++14";
				CLANG_CXX_LIBRARY = "libc++";
				CLANG_ENABLE_MODULES = YES;
				CLANG_ENABLE_OBJC_ARC = YES;
				CLANG_ENABLE_OBJC_WEAK = YES;
				CLANG_WARN_BLOCK_CAPTURE_AUTORELEASING = YES;
				CLANG_WARN_BOOL_CONVERSION = YES;
				CLANG_WARN_COMMA = YES;
				CLANG_WARN_CONSTANT_CONVERSION = YES;
				CLANG_WARN_DEPRECATED_OBJC_IMPLEMENTATIONS = YES;
				CLANG_WARN_DIRECT_OBJC_ISA_USAGE = YES_ERROR;
				CLANG_WARN_DOCUMENTATION_COMMENTS = YES;
				CLANG_WARN_EMPTY_BODY = YES;
				CLANG_WARN_ENUM_CONVERSION = YES;
				CLANG_WARN_INFINITE_RECURSION = YES;
				CLANG_WARN_INT_CONVERSION = YES;
				CLANG_WARN_NON_LITERAL_NULL_CONVERSION = YES;
				CLANG_WARN_OBJC_IMPLICIT_RETAIN_SELF = YES;
				CLANG_WARN_OBJC_LITERAL_CONVERSION = YES;
				CLANG_WARN_OBJC_ROOT_CLASS = YES_ERROR;
				CLANG_WARN_RANGE_LOOP_ANALYSIS = YES;
				CLANG_WARN_STRICT_PROTOTYPES = YES;
				CLANG_WARN_SUSPICIOUS_MOVE = YES;
				CLANG_WARN_UNGUARDED_AVAILABILITY = YES_AGGRESSIVE;
				CLANG_WARN_UNREACHABLE_CODE = YES;
				CLANG_WARN__DUPLICATE_METHOD_MATCH = YES;
				CODE_SIGN_IDENTITY = "iPhone Developer";
				COPY_PHASE_STRIP = NO;
				DEBUG_INFORMATION_FORMAT = dwarf;
				ENABLE_STRICT_OBJC_MSGSEND = YES;
				ENABLE_TESTABILITY = YES;
				GCC_C_LANGUAGE_STANDARD = gnu11;
				GCC_DYNAMIC_NO_PIC = NO;
				GCC_NO_COMMON_BLOCKS = YES;
				GCC_OPTIMIZATION_LEVEL = 0;
				GCC_PREPROCESSOR_DEFINITIONS = (
					"DEBUG=1",
					"$(inherited)",
				);
				GCC_WARN_64_TO_32_BIT_CONVERSION = YES;
				GCC_WARN_ABOUT_RETURN_TYPE = YES_ERROR;
				GCC_WARN_UNDECLARED_SELECTOR = YES;
				GCC_WARN_UNINITIALIZED_AUTOS = YES_AGGRESSIVE;
				GCC_WARN_UNUSED_FUNCTION = YES;
				GCC_WARN_UNUSED_VARIABLE = YES;
				IPHONEOS_DEPLOYMENT_TARGET = 12.2;
				MTL_ENABLE_DEBUG_INFO = INCLUDE_SOURCE;
				MTL_FAST_MATH = YES;
				ONLY_ACTIVE_ARCH = YES;
				SDKROOT = iphoneos;
			};
			name = Debug;
		};
		E72556C422B8CA3300ED7D7E /* Release */ = {
			isa = XCBuildConfiguration;
			buildSettings = {
				ALWAYS_SEARCH_USER_PATHS = NO;
				CLANG_ANALYZER_NONNULL = YES;
				CLANG_ANALYZER_NUMBER_OBJECT_CONVERSION = YES_AGGRESSIVE;
				CLANG_CXX_LANGUAGE_STANDARD = "gnu++14";
				CLANG_CXX_LIBRARY = "libc++";
				CLANG_ENABLE_MODULES = YES;
				CLANG_ENABLE_OBJC_ARC = YES;
				CLANG_ENABLE_OBJC_WEAK = YES;
				CLANG_WARN_BLOCK_CAPTURE_AUTORELEASING = YES;
				CLANG_WARN_BOOL_CONVERSION = YES;
				CLANG_WARN_COMMA = YES;
				CLANG_WARN_CONSTANT_CONVERSION = YES;
				CLANG_WARN_DEPRECATED_OBJC_IMPLEMENTATIONS = YES;
				CLANG_WARN_DIRECT_OBJC_ISA_USAGE = YES_ERROR;
				CLANG_WARN_DOCUMENTATION_COMMENTS = YES;
				CLANG_WARN_EMPTY_BODY = YES;
				CLANG_WARN_ENUM_CONVERSION = YES;
				CLANG_WARN_INFINITE_RECURSION = YES;
				CLANG_WARN_INT_CONVERSION = YES;
				CLANG_WARN_NON_LITERAL_NULL_CONVERSION = YES;
				CLANG_WARN_OBJC_IMPLICIT_RETAIN_SELF = YES;
				CLANG_WARN_OBJC_LITERAL_CONVERSION = YES;
				CLANG_WARN_OBJC_ROOT_CLASS = YES_ERROR;
				CLANG_WARN_RANGE_LOOP_ANALYSIS = YES;
				CLANG_WARN_STRICT_PROTOTYPES = YES;
				CLANG_WARN_SUSPICIOUS_MOVE = YES;
				CLANG_WARN_UNGUARDED_AVAILABILITY = YES_AGGRESSIVE;
				CLANG_WARN_UNREACHABLE_CODE = YES;
				CLANG_WARN__DUPLICATE_METHOD_MATCH = YES;
				CODE_SIGN_IDENTITY = "iPhone Developer";
				COPY_PHASE_STRIP = NO;
				DEBUG_INFORMATION_FORMAT = "dwarf-with-dsym";
				ENABLE_NS_ASSERTIONS = NO;
				ENABLE_STRICT_OBJC_MSGSEND = YES;
				GCC_C_LANGUAGE_STANDARD = gnu11;
				GCC_NO_COMMON_BLOCKS = YES;
				GCC_WARN_64_TO_32_BIT_CONVERSION = YES;
				GCC_WARN_ABOUT_RETURN_TYPE = YES_ERROR;
				GCC_WARN_UNDECLARED_SELECTOR = YES;
				GCC_WARN_UNINITIALIZED_AUTOS = YES_AGGRESSIVE;
				GCC_WARN_UNUSED_FUNCTION = YES;
				GCC_WARN_UNUSED_VARIABLE = YES;
				IPHONEOS_DEPLOYMENT_TARGET = 12.2;
				MTL_ENABLE_DEBUG_INFO = NO;
				MTL_FAST_MATH = YES;
				SDKROOT = iphoneos;
				VALIDATE_PRODUCT = YES;
			};
			name = Release;
		};
/* End XCBuildConfiguration section */

/* Begin XCConfigurationList section */
		E72556B722B8CA3300ED7D7E /* Build configuration list for PBXProject "AFNetworkingExtension" */ = {
			isa = XCConfigurationList;
			buildConfigurations = (
				E72556C322B8CA3300ED7D7E /* Debug */,
				E72556C422B8CA3300ED7D7E /* Release */,
			);
			defaultConfigurationIsVisible = 0;
			defaultConfigurationName = Release;
		};
/* End XCConfigurationList section */
	};
	rootObject = E72556B422B8CA3300ED7D7E /* Project object */;
}
